
Microsoft Visual Studio Solution File, Format Version 12.00
# Visual Studio 15
VisualStudioVersion = 15.0.28307.438
MinimumVisualStudioVersion = 10.0.40219.1
Project("{FAE04EC0-301F-11D3-BF4B-00C04F79EFBC}") = "NuMo_Tabbed.Android", "NuMo_Tabbed\NuMo_Tabbed.Android\NuMo_Tabbed.Android.csproj", "{D5E896B6-CD10-4261-96ED-1D5398C291CA}"
EndProject
Project("{FAE04EC0-301F-11D3-BF4B-00C04F79EFBC}") = "NuMo_Tabbed", "NuMo_Tabbed\NuMo_Tabbed\NuMo_Tabbed.csproj", "{A03CA37A-5A6F-4B37-9376-C8BBAF44C884}"
EndProject
Project("{9344BDBB-3E7F-41FC-A0DD-8665D75EE146}") = "NuMo_Tabbed.iOS", "NuMo_Tabbed\NuMo_Tabbed.iOS\NuMo_Tabbed.iOS.csproj", "{42253117-ACAB-4EAC-A4AE-94EBB20CA1B5}"
EndProject
Global
	GlobalSection(SolutionConfigurationPlatforms) = preSolution
		Debug|Any CPU = Debug|Any CPU
		Debug|iPhone = Debug|iPhone
		Debug|iPhoneSimulator = Debug|iPhoneSimulator
		Release|Any CPU = Release|Any CPU
		Release|iPhone = Release|iPhone
		Release|iPhoneSimulator = Release|iPhoneSimulator
	EndGlobalSection
	GlobalSection(ProjectConfigurationPlatforms) = postSolution
		{D5E896B6-CD10-4261-96ED-1D5398C291CA}.Debug|Any CPU.ActiveCfg = Debug|Any CPU
		{D5E896B6-CD10-4261-96ED-1D5398C291CA}.Debug|Any CPU.Build.0 = Debug|Any CPU
		{D5E896B6-CD10-4261-96ED-1D5398C291CA}.Debug|Any CPU.Deploy.0 = Debug|Any CPU
		{D5E896B6-CD10-4261-96ED-1D5398C291CA}.Debug|iPhone.ActiveCfg = Debug|Any CPU
		{D5E896B6-CD10-4261-96ED-1D5398C291CA}.Debug|iPhone.Build.0 = Debug|Any CPU
		{D5E896B6-CD10-4261-96ED-1D5398C291CA}.Debug|iPhone.Deploy.0 = Debug|Any CPU
		{D5E896B6-CD10-4261-96ED-1D5398C291CA}.Debug|iPhoneSimulator.ActiveCfg = Debug|Any CPU
		{D5E896B6-CD10-4261-96ED-1D5398C291CA}.Debug|iPhoneSimulator.Build.0 = Debug|Any CPU
		{D5E896B6-CD10-4261-96ED-1D5398C291CA}.Debug|iPhoneSimulator.Deploy.0 = Debug|Any CPU
		{D5E896B6-CD10-4261-96ED-1D5398C291CA}.Release|Any CPU.ActiveCfg = Release|Any CPU
		{D5E896B6-CD10-4261-96ED-1D5398C291CA}.Release|Any CPU.Build.0 = Release|Any CPU
		{D5E896B6-CD10-4261-96ED-1D5398C291CA}.Release|Any CPU.Deploy.0 = Release|Any CPU
		{D5E896B6-CD10-4261-96ED-1D5398C291CA}.Release|iPhone.ActiveCfg = Release|Any CPU
		{D5E896B6-CD10-4261-96ED-1D5398C291CA}.Release|iPhone.Build.0 = Release|Any CPU
		{D5E896B6-CD10-4261-96ED-1D5398C291CA}.Release|iPhone.Deploy.0 = Release|Any CPU
		{D5E896B6-CD10-4261-96ED-1D5398C291CA}.Release|iPhoneSimulator.ActiveCfg = Release|Any CPU
		{D5E896B6-CD10-4261-96ED-1D5398C291CA}.Release|iPhoneSimulator.Build.0 = Release|Any CPU
		{D5E896B6-CD10-4261-96ED-1D5398C291CA}.Release|iPhoneSimulator.Deploy.0 = Release|Any CPU
		{A03CA37A-5A6F-4B37-9376-C8BBAF44C884}.Debug|Any CPU.ActiveCfg = Debug|Any CPU
		{A03CA37A-5A6F-4B37-9376-C8BBAF44C884}.Debug|Any CPU.Build.0 = Debug|Any CPU
		{A03CA37A-5A6F-4B37-9376-C8BBAF44C884}.Debug|Any CPU.Deploy.0 = Debug|Any CPU
		{A03CA37A-5A6F-4B37-9376-C8BBAF44C884}.Debug|iPhone.ActiveCfg = Debug|Any CPU
		{A03CA37A-5A6F-4B37-9376-C8BBAF44C884}.Debug|iPhone.Build.0 = Debug|Any CPU
		{A03CA37A-5A6F-4B37-9376-C8BBAF44C884}.Debug|iPhone.Deploy.0 = Debug|Any CPU
		{A03CA37A-5A6F-4B37-9376-C8BBAF44C884}.Debug|iPhoneSimulator.ActiveCfg = Debug|Any CPU
		{A03CA37A-5A6F-4B37-9376-C8BBAF44C884}.Debug|iPhoneSimulator.Build.0 = Debug|Any CPU
		{A03CA37A-5A6F-4B37-9376-C8BBAF44C884}.Debug|iPhoneSimulator.Deploy.0 = Debug|Any CPU
		{A03CA37A-5A6F-4B37-9376-C8BBAF44C884}.Release|Any CPU.ActiveCfg = Release|Any CPU
		{A03CA37A-5A6F-4B37-9376-C8BBAF44C884}.Release|Any CPU.Build.0 = Release|Any CPU
		{A03CA37A-5A6F-4B37-9376-C8BBAF44C884}.Release|Any CPU.Deploy.0 = Release|Any CPU
		{A03CA37A-5A6F-4B37-9376-C8BBAF44C884}.Release|iPhone.ActiveCfg = Release|Any CPU
		{A03CA37A-5A6F-4B37-9376-C8BBAF44C884}.Release|iPhone.Build.0 = Release|Any CPU
		{A03CA37A-5A6F-4B37-9376-C8BBAF44C884}.Release|iPhone.Deploy.0 = Release|Any CPU
		{A03CA37A-5A6F-4B37-9376-C8BBAF44C884}.Release|iPhoneSimulator.ActiveCfg = Release|Any CPU
		{A03CA37A-5A6F-4B37-9376-C8BBAF44C884}.Release|iPhoneSimulator.Build.0 = Release|Any CPU
		{A03CA37A-5A6F-4B37-9376-C8BBAF44C884}.Release|iPhoneSimulator.Deploy.0 = Release|Any CPU
		{42253117-ACAB-4EAC-A4AE-94EBB20CA1B5}.Debug|Any CPU.ActiveCfg = Debug|iPhoneSimulator
		{42253117-ACAB-4EAC-A4AE-94EBB20CA1B5}.Debug|Any CPU.Build.0 = Debug|iPhoneSimulator
		{42253117-ACAB-4EAC-A4AE-94EBB20CA1B5}.Debug|Any CPU.Deploy.0 = Debug|iPhoneSimulator
		{42253117-ACAB-4EAC-A4AE-94EBB20CA1B5}.Debug|iPhone.ActiveCfg = Debug|iPhone
		{42253117-ACAB-4EAC-A4AE-94EBB20CA1B5}.Debug|iPhone.Build.0 = Debug|iPhone
		{42253117-ACAB-4EAC-A4AE-94EBB20CA1B5}.Debug|iPhone.Deploy.0 = Debug|iPhone
		{42253117-ACAB-4EAC-A4AE-94EBB20CA1B5}.Debug|iPhoneSimulator.ActiveCfg = Debug|iPhoneSimulator
		{42253117-ACAB-4EAC-A4AE-94EBB20CA1B5}.Debug|iPhoneSimulator.Build.0 = Debug|iPhoneSimulator
		{42253117-ACAB-4EAC-A4AE-94EBB20CA1B5}.Debug|iPhoneSimulator.Deploy.0 = Debug|iPhoneSimulator
		{42253117-ACAB-4EAC-A4AE-94EBB20CA1B5}.Release|Any CPU.ActiveCfg = Release|iPhone
		{42253117-ACAB-4EAC-A4AE-94EBB20CA1B5}.Release|Any CPU.Build.0 = Release|iPhone
		{42253117-ACAB-4EAC-A4AE-94EBB20CA1B5}.Release|Any CPU.Deploy.0 = Release|iPhone
		{42253117-ACAB-4EAC-A4AE-94EBB20CA1B5}.Release|iPhone.ActiveCfg = Release|iPhone
		{42253117-ACAB-4EAC-A4AE-94EBB20CA1B5}.Release|iPhone.Build.0 = Release|iPhone
		{42253117-ACAB-4EAC-A4AE-94EBB20CA1B5}.Release|iPhone.Deploy.0 = Release|iPhone
		{42253117-ACAB-4EAC-A4AE-94EBB20CA1B5}.Release|iPhoneSimulator.ActiveCfg = Release|iPhoneSimulator
		{42253117-ACAB-4EAC-A4AE-94EBB20CA1B5}.Release|iPhoneSimulator.Build.0 = Release|iPhoneSimulator
		{42253117-ACAB-4EAC-A4AE-94EBB20CA1B5}.Release|iPhoneSimulator.Deploy.0 = Release|iPhoneSimulator
	EndGlobalSection
	GlobalSection(SolutionProperties) = preSolution
		HideSolutionNode = FALSE
	EndGlobalSection
	GlobalSection(ExtensibilityGlobals) = postSolution
		SolutionGuid = {2A03D120-F02A-4B1C-A26F-C4F20FB54895}
	EndGlobalSection
EndGlobal
